
Microsoft Visual Studio Solution File, Format Version 12.00
# Visual Studio 15
VisualStudioVersion = 15.0.26730.16
MinimumVisualStudioVersion = 10.0.40219.1
Project("{FAE04EC0-301F-11D3-BF4B-00C04F79EFBC}") = "TestWorkWithGithub", "TestWorkWithGithub\TestWorkWithGithub.csproj", "{11929503-C96C-4010-845D-F40A3C5AA110}"
EndProject
Global
	GlobalSection(SolutionConfigurationPlatforms) = preSolution
		Debug|Any CPU = Debug|Any CPU
		Release|Any CPU = Release|Any CPU
	EndGlobalSection
	GlobalSection(ProjectConfigurationPlatforms) = postSolution
		{11929503-C96C-4010-845D-F40A3C5AA110}.Debug|Any CPU.ActiveCfg = Debug|Any CPU
		{11929503-C96C-4010-845D-F40A3C5AA110}.Debug|Any CPU.Build.0 = Debug|Any CPU
		{11929503-C96C-4010-845D-F40A3C5AA110}.Release|Any CPU.ActiveCfg = Release|Any CPU
		{11929503-C96C-4010-845D-F40A3C5AA110}.Release|Any CPU.Build.0 = Release|Any CPU
	EndGlobalSection
	GlobalSection(SolutionProperties) = preSolution
		HideSolutionNode = FALSE
	EndGlobalSection
	GlobalSection(ExtensibilityGlobals) = postSolution
		SolutionGuid = {05A5FD81-546D-4681-B1E9-B6B29F45554D}
	EndGlobalSection
EndGlobal
